
Microsoft Visual Studio Solution File, Format Version 12.00
# Visual Studio Version 17
VisualStudioVersion = 17.11.35222.181
MinimumVisualStudioVersion = 10.0.40219.1
Project("{9A19103F-16F7-4668-BE54-9A1E7A4F7556}") = "RetrievedPensionsRecordFunction", "RetrievedPensionsRecordFunction\RetrievedPensionsRecordFunction.csproj", "{CDA61A61-2110-4353-9EB2-79F60E71A4F7}"
EndProject
Project("{9A19103F-16F7-4668-BE54-9A1E7A4F7556}") = "RetrievedPensionsRecordFunctionTests", "..\tests\RetrievedPensionsRecordFunctionTests\RetrievedPensionsRecordFunctionTests.csproj", "{65C0FF3E-6572-4CC9-AB9E-762BFEDE5738}"
EndProject
Global
	GlobalSection(SolutionConfigurationPlatforms) = preSolution
		Debug|Any CPU = Debug|Any CPU
		Release|Any CPU = Release|Any CPU
	EndGlobalSection
	GlobalSection(ProjectConfigurationPlatforms) = postSolution
		{CDA61A61-2110-4353-9EB2-79F60E71A4F7}.Debug|Any CPU.ActiveCfg = Debug|Any CPU
		{CDA61A61-2110-4353-9EB2-79F60E71A4F7}.Debug|Any CPU.Build.0 = Debug|Any CPU
		{CDA61A61-2110-4353-9EB2-79F60E71A4F7}.Release|Any CPU.ActiveCfg = Release|Any CPU
		{CDA61A61-2110-4353-9EB2-79F60E71A4F7}.Release|Any CPU.Build.0 = Release|Any CPU
		{65C0FF3E-6572-4CC9-AB9E-762BFEDE5738}.Debug|Any CPU.ActiveCfg = Debug|Any CPU
		{65C0FF3E-6572-4CC9-AB9E-762BFEDE5738}.Debug|Any CPU.Build.0 = Debug|Any CPU
		{65C0FF3E-6572-4CC9-AB9E-762BFEDE5738}.Release|Any CPU.ActiveCfg = Release|Any CPU
		{65C0FF3E-6572-4CC9-AB9E-762BFEDE5738}.Release|Any CPU.Build.0 = Release|Any CPU
	EndGlobalSection
	GlobalSection(SolutionProperties) = preSolution
		HideSolutionNode = FALSE
	EndGlobalSection
	GlobalSection(ExtensibilityGlobals) = postSolution
		SolutionGuid = {4985FF67-1967-414B-91E0-E041CC8BB6BA}
	EndGlobalSection
EndGlobal
